{
  "name": "@metabiohacker/core",
  "version": "0.1.0",
  "lockfileVersion": 3,
  "requires": true,
  "packages": {
    "": {
      "name": "@metabiohacker/core",
      "version": "0.1.0",
      "devDependencies": {
        "@metaharness/darwin": "^0.3.1"
      }
    },
    "node_modules/@metaharness/darwin": {
      "version": "0.3.1",
      "resolved": "https://registry.npmjs.org/@metaharness/darwin/-/darwin-0.3.1.tgz",
      "integrity": "sha512-gNQQQiSsbcsSXG9g1C7IJoX50Ozw1nIg6Nez40OVKo5PSvlGjDKElBjFng7M7O7bIrlBo0fS9lcP5hjEQXi+iQ==",
      "dev": true,
      "license": "MIT",
      "bin": {
        "metaharness-darwin": "dist/cli.js"
      },
      "engines": {
        "node": ">=20.0.0"
      }
    }
  }
}
